// !$*UTF8*$!
{
	archiveVersion = 1;
	classes = {
	};
	objectVersion = 52;
	objects = {

/* Begin PBXBuildFile section */
		25E6BF969C68F78AFB19A41F /* Pods_Liftoff.framework in Frameworks */ = {isa = PBXBuildFile; fileRef = 08E4F3964C9683D67A2292AB /* Pods_Liftoff.framework */; };
		2AEC972FA104DDDBF5135F48 /* Pods_Liftoff_LiftoffUITests.framework in Frameworks */ = {isa = PBXBuildFile; fileRef = A974C29C02454A911A8BABCF /* Pods_Liftoff_LiftoffUITests.framework */; };
		A9C854E5D4451D60D797BFBB /* Pods_LiftoffTests.framework in Frameworks */ = {isa = PBXBuildFile; fileRef = 2ABA0469001A89A78A3F5B17 /* Pods_LiftoffTests.framework */; };
		B2062F69244128DF007F9A41 /* IsoCountryCodes.swift in Sources */ = {isa = PBXBuildFile; fileRef = B2062F68244128DE007F9A41 /* IsoCountryCodes.swift */; };
		B2062F6A244128DF007F9A41 /* MissionTableViewCell.swift in Sources */ = {isa = PBXBuildFile; fileRef = B2062F66244128DE007F9A41 /* MissionTableViewCell.swift */; };
		B2062F6B244128DF007F9A41 /* MissionsDetailViewController.swift in Sources */ = {isa = PBXBuildFile; fileRef = B2062F5E244128DD007F9A41 /* MissionsDetailViewController.swift */; };
		B2062F6C244128DF007F9A41 /* IsoCountries.swift in Sources */ = {isa = PBXBuildFile; fileRef = B2062F60244128DE007F9A41 /* IsoCountries.swift */; };
		B2062F6D244128DF007F9A41 /* API.swift in Sources */ = {isa = PBXBuildFile; fileRef = B2062F67244128DE007F9A41 /* API.swift */; };
		B2062F6E244128DF007F9A41 /* RocketSearchBar.swift in Sources */ = {isa = PBXBuildFile; fileRef = B2062F61244128DE007F9A41 /* RocketSearchBar.swift */; };
		B2062F6F244128DF007F9A41 /* RocketSearchController.swift in Sources */ = {isa = PBXBuildFile; fileRef = B2062F5F244128DD007F9A41 /* RocketSearchController.swift */; };
		B2062F70244128E9007F9A41 /* Pad.swift in Sources */ = {isa = PBXBuildFile; fileRef = B2062F58244128DD007F9A41 /* Pad.swift */; };
		B2062F71244128EB007F9A41 /* AgencyLaunch.swift in Sources */ = {isa = PBXBuildFile; fileRef = B2062F59244128DD007F9A41 /* AgencyLaunch.swift */; };
		B2062F72244128EE007F9A41 /* LSP.swift in Sources */ = {isa = PBXBuildFile; fileRef = B2062F5A244128DD007F9A41 /* LSP.swift */; };
		B2062F73244128F0007F9A41 /* Launch.swift in Sources */ = {isa = PBXBuildFile; fileRef = B2062F5B244128DD007F9A41 /* Launch.swift */; };
		B2062F74244128F2007F9A41 /* Payload.swift in Sources */ = {isa = PBXBuildFile; fileRef = B2062F5C244128DD007F9A41 /* Payload.swift */; };
		B2062F75244128F4007F9A41 /* Agency.swift in Sources */ = {isa = PBXBuildFile; fileRef = B2062F5D244128DD007F9A41 /* Agency.swift */; };
		B2062F76244128FB007F9A41 /* Mission.swift in Sources */ = {isa = PBXBuildFile; fileRef = B2062F63244128DE007F9A41 /* Mission.swift */; };
		B2062F77244128FD007F9A41 /* Rocket.swift in Sources */ = {isa = PBXBuildFile; fileRef = B2062F64244128DE007F9A41 /* Rocket.swift */; };
		B2062F78244128FF007F9A41 /* Launchpad.swift in Sources */ = {isa = PBXBuildFile; fileRef = B2062F65244128DE007F9A41 /* Launchpad.swift */; };
		B2062F7A244129E2007F9A41 /* Constants.swift in Sources */ = {isa = PBXBuildFile; fileRef = B2062F79244129E2007F9A41 /* Constants.swift */; };
		B2403A4C211A8872004E7113 /* GoogleService-Info.plist in Resources */ = {isa = PBXBuildFile; fileRef = B2403A4B211A8872004E7113 /* GoogleService-Info.plist */; };
		B25D59D224422E4000A7B385 /* Alamofire in Frameworks */ = {isa = PBXBuildFile; productRef = B25D59D124422E4000A7B385 /* Alamofire */; };
		B25D59D624422FA400A7B385 /* UnifiedNativeAdCell.xib in Resources */ = {isa = PBXBuildFile; fileRef = B25D59D524422FA400A7B385 /* UnifiedNativeAdCell.xib */; };
		B263FBB5210010240082A1C5 /* SearchFooter.swift in Sources */ = {isa = PBXBuildFile; fileRef = B263FBB4210010240082A1C5 /* SearchFooter.swift */; };
		B286A55420832E1F0058DFB3 /* NewsTableViewCell.swift in Sources */ = {isa = PBXBuildFile; fileRef = B286A55320832E1F0058DFB3 /* NewsTableViewCell.swift */; };
		B28EFD6224412CB30025BB96 /* RocketLaunchesController.swift in Sources */ = {isa = PBXBuildFile; fileRef = B2ADE7A0207AC86D00C7C97E /* RocketLaunchesController.swift */; };
		B2923595213887DA0029D9A0 /* AdCell.swift in Sources */ = {isa = PBXBuildFile; fileRef = B2923594213887DA0029D9A0 /* AdCell.swift */; };
		B292CF5A2443D58A00F9F004 /* SceneDelegate.swift in Sources */ = {isa = PBXBuildFile; fileRef = B292CF592443D58A00F9F004 /* SceneDelegate.swift */; };
		B29D95482079922200D3DFF5 /* AppDelegate.swift in Sources */ = {isa = PBXBuildFile; fileRef = B29D95472079922200D3DFF5 /* AppDelegate.swift */; };
		B29D954F2079922200D3DFF5 /* Main.storyboard in Resources */ = {isa = PBXBuildFile; fileRef = B29D954D2079922200D3DFF5 /* Main.storyboard */; };
		B29D95512079922200D3DFF5 /* Assets.xcassets in Resources */ = {isa = PBXBuildFile; fileRef = B29D95502079922200D3DFF5 /* Assets.xcassets */; };
		B29D95542079922200D3DFF5 /* LaunchScreen.storyboard in Resources */ = {isa = PBXBuildFile; fileRef = B29D95522079922200D3DFF5 /* LaunchScreen.storyboard */; };
		B29D955F2079922200D3DFF5 /* LiftoffTests.swift in Sources */ = {isa = PBXBuildFile; fileRef = B29D955E2079922200D3DFF5 /* LiftoffTests.swift */; };
		B29D956A2079922200D3DFF5 /* LiftoffUITests.swift in Sources */ = {isa = PBXBuildFile; fileRef = B29D95692079922200D3DFF5 /* LiftoffUITests.swift */; };
		B2ADE793207AC48000C7C97E /* UIImageExtension.swift in Sources */ = {isa = PBXBuildFile; fileRef = B2ADE792207AC48000C7C97E /* UIImageExtension.swift */; };
		B2ADE7AF207BEDB700C7C97E /* Lato-Black.ttf in Resources */ = {isa = PBXBuildFile; fileRef = B2ADE7A5207BEDB600C7C97E /* Lato-Black.ttf */; };
		B2ADE7B0207BEDB700C7C97E /* Lato-Bold.ttf in Resources */ = {isa = PBXBuildFile; fileRef = B2ADE7A6207BEDB600C7C97E /* Lato-Bold.ttf */; };
		B2ADE7B1207BEDB700C7C97E /* Lato-Italic.ttf in Resources */ = {isa = PBXBuildFile; fileRef = B2ADE7A7207BEDB600C7C97E /* Lato-Italic.ttf */; };
		B2ADE7B2207BEDB700C7C97E /* Lato-Light.ttf in Resources */ = {isa = PBXBuildFile; fileRef = B2ADE7A8207BEDB700C7C97E /* Lato-Light.ttf */; };
		B2ADE7B3207BEDB700C7C97E /* Lato-LightItalic.ttf in Resources */ = {isa = PBXBuildFile; fileRef = B2ADE7A9207BEDB700C7C97E /* Lato-LightItalic.ttf */; };
		B2ADE7B4207BEDB700C7C97E /* Lato-Regular.ttf in Resources */ = {isa = PBXBuildFile; fileRef = B2ADE7AA207BEDB700C7C97E /* Lato-Regular.ttf */; };
		B2ADE7B5207BEDB700C7C97E /* Lato-BlackItalic.ttf in Resources */ = {isa = PBXBuildFile; fileRef = B2ADE7AB207BEDB700C7C97E /* Lato-BlackItalic.ttf */; };
		B2ADE7B6207BEDB700C7C97E /* Lato-HairlineItalic.ttf in Resources */ = {isa = PBXBuildFile; fileRef = B2ADE7AC207BEDB700C7C97E /* Lato-HairlineItalic.ttf */; };
		B2ADE7B7207BEDB700C7C97E /* Lato-Hairline.ttf in Resources */ = {isa = PBXBuildFile; fileRef = B2ADE7AD207BEDB700C7C97E /* Lato-Hairline.ttf */; };
		B2ADE7B8207BEDB700C7C97E /* Lato-BoldItalic.ttf in Resources */ = {isa = PBXBuildFile; fileRef = B2ADE7AE207BEDB700C7C97E /* Lato-BoldItalic.ttf */; };
		B2D1F83F20F57E0400191387 /* UtilityExtensions.swift in Sources */ = {isa = PBXBuildFile; fileRef = B2D1F83E20F57E0400191387 /* UtilityExtensions.swift */; };
		B2D1F84520F583C400191387 /* LoadingView.swift in Sources */ = {isa = PBXBuildFile; fileRef = B2D1F84420F583C400191387 /* LoadingView.swift */; };
		B2D1F84720F585DE00191387 /* PageLoadingCell.swift in Sources */ = {isa = PBXBuildFile; fileRef = B2D1F84620F585DE00191387 /* PageLoadingCell.swift */; };
		B2EB3E41243BC6E0002C8076 /* DLLocalNotifications.swift in Sources */ = {isa = PBXBuildFile; fileRef = B2EB3E40243BC6E0002C8076 /* DLLocalNotifications.swift */; };
		B2EB3E42243BC6E0002C8076 /* DLQueue.swift in Sources */ = {isa = PBXBuildFile; fileRef = B2EB3E3E243BC6DF002C8076 /* DLQueue.swift */; };
		B2EB3E43243BC6E0002C8076 /* DLCategory.swift in Sources */ = {isa = PBXBuildFile; fileRef = B2EB3E3F243BC6E0002C8076 /* DLCategory.swift */; };
		B2EB3E44243BC6E0002C8076 /* DLNotification.swift in Sources */ = {isa = PBXBuildFile; fileRef = B2EB3E3D243BC6DF002C8076 /* DLNotification.swift */; };
		B2EF5F6C243BD036003E8A8F /* Cache.swift in Sources */ = {isa = PBXBuildFile; fileRef = B2EF5F6B243BD036003E8A8F /* Cache.swift */; };
		B2EF5F6E243BD092003E8A8F /* NSURLSessionExtension.swift in Sources */ = {isa = PBXBuildFile; fileRef = B2EF5F6D243BD092003E8A8F /* NSURLSessionExtension.swift */; };
		B2EF5F70243BD0B2003E8A8F /* PreviewError.swift in Sources */ = {isa = PBXBuildFile; fileRef = B2EF5F6F243BD0B2003E8A8F /* PreviewError.swift */; };
		B2EF5F72243BD0C8003E8A8F /* Regex.swift in Sources */ = {isa = PBXBuildFile; fileRef = B2EF5F71243BD0C8003E8A8F /* Regex.swift */; };
		B2EF5F74243BD0E6003E8A8F /* Response.swift in Sources */ = {isa = PBXBuildFile; fileRef = B2EF5F73243BD0E6003E8A8F /* Response.swift */; };
		B2EF5F76243BD0FD003E8A8F /* ResponseExtension.swift in Sources */ = {isa = PBXBuildFile; fileRef = B2EF5F75243BD0FD003E8A8F /* ResponseExtension.swift */; };
		B2EF5F78243BD112003E8A8F /* StringExtension.swift in Sources */ = {isa = PBXBuildFile; fileRef = B2EF5F77243BD112003E8A8F /* StringExtension.swift */; };
		B2EF5F7A243BD122003E8A8F /* SwiftLinkPreview.swift in Sources */ = {isa = PBXBuildFile; fileRef = B2EF5F79243BD122003E8A8F /* SwiftLinkPreview.swift */; };
/* End PBXBuildFile section */

/* Begin PBXContainerItemProxy section */
		B29D955B2079922200D3DFF5 /* PBXContainerItemProxy */ = {
			isa = PBXContainerItemProxy;
			containerPortal = B29D953C2079922200D3DFF5 /* Project object */;
			proxyType = 1;
			remoteGlobalIDString = B29D95432079922200D3DFF5;
			remoteInfo = Liftoff;
		};
		B29D95662079922200D3DFF5 /* PBXContainerItemProxy */ = {
			isa = PBXContainerItemProxy;
			containerPortal = B29D953C2079922200D3DFF5 /* Project object */;
			proxyType = 1;
			remoteGlobalIDString = B29D95432079922200D3DFF5;
			remoteInfo = Liftoff;
		};
/* End PBXContainerItemProxy section */

/* Begin PBXFileReference section */
		08E4F3964C9683D67A2292AB /* Pods_Liftoff.framework */ = {isa = PBXFileReference; explicitFileType = wrapper.framework; includeInIndex = 0; path = Pods_Liftoff.framework; sourceTree = BUILT_PRODUCTS_DIR; };
		28895A56DAEF8242CBE9295D /* Pods-Liftoff.release.xcconfig */ = {isa = PBXFileReference; includeInIndex = 1; lastKnownFileType = text.xcconfig; name = "Pods-Liftoff.release.xcconfig"; path = "Target Support Files/Pods-Liftoff/Pods-Liftoff.release.xcconfig"; sourceTree = "<group>"; };
		2ABA0469001A89A78A3F5B17 /* Pods_LiftoffTests.framework */ = {isa = PBXFileReference; explicitFileType = wrapper.framework; includeInIndex = 0; path = Pods_LiftoffTests.framework; sourceTree = BUILT_PRODUCTS_DIR; };
		2F9D4C3DE570CF75F9CCB507 /* Pods-LiftoffTests.debug.xcconfig */ = {isa = PBXFileReference; includeInIndex = 1; lastKnownFileType = text.xcconfig; name = "Pods-LiftoffTests.debug.xcconfig"; path = "Target Support Files/Pods-LiftoffTests/Pods-LiftoffTests.debug.xcconfig"; sourceTree = "<group>"; };
		781EA90A18CFC048FF33B100 /* Pods-Liftoff.debug.xcconfig */ = {isa = PBXFileReference; includeInIndex = 1; lastKnownFileType = text.xcconfig; name = "Pods-Liftoff.debug.xcconfig"; path = "Target Support Files/Pods-Liftoff/Pods-Liftoff.debug.xcconfig"; sourceTree = "<group>"; };
		7C89ED932238CB566267DCEE /* Pods-Liftoff-LiftoffUITests.debug.xcconfig */ = {isa = PBXFileReference; includeInIndex = 1; lastKnownFileType = text.xcconfig; name = "Pods-Liftoff-LiftoffUITests.debug.xcconfig"; path = "Target Support Files/Pods-Liftoff-LiftoffUITests/Pods-Liftoff-LiftoffUITests.debug.xcconfig"; sourceTree = "<group>"; };
		7CCF644945EB60663A0CB153 /* Pods-LiftoffTests.release.xcconfig */ = {isa = PBXFileReference; includeInIndex = 1; lastKnownFileType = text.xcconfig; name = "Pods-LiftoffTests.release.xcconfig"; path = "Target Support Files/Pods-LiftoffTests/Pods-LiftoffTests.release.xcconfig"; sourceTree = "<group>"; };
		A974C29C02454A911A8BABCF /* Pods_Liftoff_LiftoffUITests.framework */ = {isa = PBXFileReference; explicitFileType = wrapper.framework; includeInIndex = 0; path = Pods_Liftoff_LiftoffUITests.framework; sourceTree = BUILT_PRODUCTS_DIR; };
		B2062F58244128DD007F9A41 /* Pad.swift */ = {isa = PBXFileReference; lastKnownFileType = sourcecode.swift; path = Pad.swift; sourceTree = "<group>"; };
		B2062F59244128DD007F9A41 /* AgencyLaunch.swift */ = {isa = PBXFileReference; lastKnownFileType = sourcecode.swift; path = AgencyLaunch.swift; sourceTree = "<group>"; };
		B2062F5A244128DD007F9A41 /* LSP.swift */ = {isa = PBXFileReference; lastKnownFileType = sourcecode.swift; path = LSP.swift; sourceTree = "<group>"; };
		B2062F5B244128DD007F9A41 /* Launch.swift */ = {isa = PBXFileReference; lastKnownFileType = sourcecode.swift; path = Launch.swift; sourceTree = "<group>"; };
		B2062F5C244128DD007F9A41 /* Payload.swift */ = {isa = PBXFileReference; lastKnownFileType = sourcecode.swift; path = Payload.swift; sourceTree = "<group>"; };
		B2062F5D244128DD007F9A41 /* Agency.swift */ = {isa = PBXFileReference; lastKnownFileType = sourcecode.swift; path = Agency.swift; sourceTree = "<group>"; };
		B2062F5E244128DD007F9A41 /* MissionsDetailViewController.swift */ = {isa = PBXFileReference; lastKnownFileType = sourcecode.swift; path = MissionsDetailViewController.swift; sourceTree = "<group>"; };
		B2062F5F244128DD007F9A41 /* RocketSearchController.swift */ = {isa = PBXFileReference; lastKnownFileType = sourcecode.swift; path = RocketSearchController.swift; sourceTree = "<group>"; };
		B2062F60244128DE007F9A41 /* IsoCountries.swift */ = {isa = PBXFileReference; lastKnownFileType = sourcecode.swift; path = IsoCountries.swift; sourceTree = "<group>"; };
		B2062F61244128DE007F9A41 /* RocketSearchBar.swift */ = {isa = PBXFileReference; lastKnownFileType = sourcecode.swift; path = RocketSearchBar.swift; sourceTree = "<group>"; };
		B2062F63244128DE007F9A41 /* Mission.swift */ = {isa = PBXFileReference; lastKnownFileType = sourcecode.swift; path = Mission.swift; sourceTree = "<group>"; };
		B2062F64244128DE007F9A41 /* Rocket.swift */ = {isa = PBXFileReference; lastKnownFileType = sourcecode.swift; path = Rocket.swift; sourceTree = "<group>"; };
		B2062F65244128DE007F9A41 /* Launchpad.swift */ = {isa = PBXFileReference; lastKnownFileType = sourcecode.swift; path = Launchpad.swift; sourceTree = "<group>"; };
		B2062F66244128DE007F9A41 /* MissionTableViewCell.swift */ = {isa = PBXFileReference; lastKnownFileType = sourcecode.swift; path = MissionTableViewCell.swift; sourceTree = "<group>"; };
		B2062F67244128DE007F9A41 /* API.swift */ = {isa = PBXFileReference; lastKnownFileType = sourcecode.swift; path = API.swift; sourceTree = "<group>"; };
		B2062F68244128DE007F9A41 /* IsoCountryCodes.swift */ = {isa = PBXFileReference; lastKnownFileType = sourcecode.swift; path = IsoCountryCodes.swift; sourceTree = "<group>"; };
		B2062F79244129E2007F9A41 /* Constants.swift */ = {isa = PBXFileReference; lastKnownFileType = sourcecode.swift; path = Constants.swift; sourceTree = "<group>"; };
		B22191AA20AFD202000EC730 /* Liftoff.entitlements */ = {isa = PBXFileReference; lastKnownFileType = text.plist.entitlements; path = Liftoff.entitlements; sourceTree = "<group>"; };
		B2403A4B211A8872004E7113 /* GoogleService-Info.plist */ = {isa = PBXFileReference; fileEncoding = 4; lastKnownFileType = text.plist.xml; path = "GoogleService-Info.plist"; sourceTree = "<group>"; };
		B25D59D524422FA400A7B385 /* UnifiedNativeAdCell.xib */ = {isa = PBXFileReference; fileEncoding = 4; lastKnownFileType = file.xib; path = UnifiedNativeAdCell.xib; sourceTree = "<group>"; };
		B263FBB4210010240082A1C5 /* SearchFooter.swift */ = {isa = PBXFileReference; fileEncoding = 4; lastKnownFileType = sourcecode.swift; path = SearchFooter.swift; sourceTree = "<group>"; };
		B286A55320832E1F0058DFB3 /* NewsTableViewCell.swift */ = {isa = PBXFileReference; lastKnownFileType = sourcecode.swift; path = NewsTableViewCell.swift; sourceTree = "<group>"; };
		B2923594213887DA0029D9A0 /* AdCell.swift */ = {isa = PBXFileReference; lastKnownFileType = sourcecode.swift; path = AdCell.swift; sourceTree = "<group>"; };
		B292CF592443D58A00F9F004 /* SceneDelegate.swift */ = {isa = PBXFileReference; lastKnownFileType = sourcecode.swift; path = SceneDelegate.swift; sourceTree = "<group>"; };
		B29D95442079922200D3DFF5 /* Liftoff.app */ = {isa = PBXFileReference; explicitFileType = wrapper.application; includeInIndex = 0; path = Liftoff.app; sourceTree = BUILT_PRODUCTS_DIR; };
		B29D95472079922200D3DFF5 /* AppDelegate.swift */ = {isa = PBXFileReference; lastKnownFileType = sourcecode.swift; path = AppDelegate.swift; sourceTree = "<group>"; };
		B29D954E2079922200D3DFF5 /* Base */ = {isa = PBXFileReference; lastKnownFileType = file.storyboard; name = Base; path = Base.lproj/Main.storyboard; sourceTree = "<group>"; };
		B29D95502079922200D3DFF5 /* Assets.xcassets */ = {isa = PBXFileReference; lastKnownFileType = folder.assetcatalog; path = Assets.xcassets; sourceTree = "<group>"; };
		B29D95532079922200D3DFF5 /* Base */ = {isa = PBXFileReference; lastKnownFileType = file.storyboard; name = Base; path = Base.lproj/LaunchScreen.storyboard; sourceTree = "<group>"; };
		B29D95552079922200D3DFF5 /* Info.plist */ = {isa = PBXFileReference; lastKnownFileType = text.plist.xml; path = Info.plist; sourceTree = "<group>"; };
		B29D955A2079922200D3DFF5 /* LiftoffTests.xctest */ = {isa = PBXFileReference; explicitFileType = wrapper.cfbundle; includeInIndex = 0; path = LiftoffTests.xctest; sourceTree = BUILT_PRODUCTS_DIR; };
		B29D955E2079922200D3DFF5 /* LiftoffTests.swift */ = {isa = PBXFileReference; lastKnownFileType = sourcecode.swift; path = LiftoffTests.swift; sourceTree = "<group>"; };
		B29D95602079922200D3DFF5 /* Info.plist */ = {isa = PBXFileReference; lastKnownFileType = text.plist.xml; path = Info.plist; sourceTree = "<group>"; };
		B29D95652079922200D3DFF5 /* LiftoffUITests.xctest */ = {isa = PBXFileReference; explicitFileType = wrapper.cfbundle; includeInIndex = 0; path = LiftoffUITests.xctest; sourceTree = BUILT_PRODUCTS_DIR; };
		B29D95692079922200D3DFF5 /* LiftoffUITests.swift */ = {isa = PBXFileReference; lastKnownFileType = sourcecode.swift; path = LiftoffUITests.swift; sourceTree = "<group>"; };
		B29D956B2079922200D3DFF5 /* Info.plist */ = {isa = PBXFileReference; lastKnownFileType = text.plist.xml; path = Info.plist; sourceTree = "<group>"; };
		B2ADE792207AC48000C7C97E /* UIImageExtension.swift */ = {isa = PBXFileReference; lastKnownFileType = sourcecode.swift; path = UIImageExtension.swift; sourceTree = "<group>"; };
		B2ADE7A0207AC86D00C7C97E /* RocketLaunchesController.swift */ = {isa = PBXFileReference; lastKnownFileType = sourcecode.swift; path = RocketLaunchesController.swift; sourceTree = "<group>"; };
		B2ADE7A5207BEDB600C7C97E /* Lato-Black.ttf */ = {isa = PBXFileReference; lastKnownFileType = file; path = "Lato-Black.ttf"; sourceTree = "<group>"; };
		B2ADE7A6207BEDB600C7C97E /* Lato-Bold.ttf */ = {isa = PBXFileReference; lastKnownFileType = file; path = "Lato-Bold.ttf"; sourceTree = "<group>"; };
		B2ADE7A7207BEDB600C7C97E /* Lato-Italic.ttf */ = {isa = PBXFileReference; lastKnownFileType = file; path = "Lato-Italic.ttf"; sourceTree = "<group>"; };
		B2ADE7A8207BEDB700C7C97E /* Lato-Light.ttf */ = {isa = PBXFileReference; lastKnownFileType = file; path = "Lato-Light.ttf"; sourceTree = "<group>"; };
		B2ADE7A9207BEDB700C7C97E /* Lato-LightItalic.ttf */ = {isa = PBXFileReference; lastKnownFileType = file; path = "Lato-LightItalic.ttf"; sourceTree = "<group>"; };
		B2ADE7AA207BEDB700C7C97E /* Lato-Regular.ttf */ = {isa = PBXFileReference; lastKnownFileType = file; path = "Lato-Regular.ttf"; sourceTree = "<group>"; };
		B2ADE7AB207BEDB700C7C97E /* Lato-BlackItalic.ttf */ = {isa = PBXFileReference; lastKnownFileType = file; path = "Lato-BlackItalic.ttf"; sourceTree = "<group>"; };
		B2ADE7AC207BEDB700C7C97E /* Lato-HairlineItalic.ttf */ = {isa = PBXFileReference; lastKnownFileType = file; path = "Lato-HairlineItalic.ttf"; sourceTree = "<group>"; };
		B2ADE7AD207BEDB700C7C97E /* Lato-Hairline.ttf */ = {isa = PBXFileReference; lastKnownFileType = file; path = "Lato-Hairline.ttf"; sourceTree = "<group>"; };
		B2ADE7AE207BEDB700C7C97E /* Lato-BoldItalic.ttf */ = {isa = PBXFileReference; lastKnownFileType = file; path = "Lato-BoldItalic.ttf"; sourceTree = "<group>"; };
		B2D1F83E20F57E0400191387 /* UtilityExtensions.swift */ = {isa = PBXFileReference; lastKnownFileType = sourcecode.swift; path = UtilityExtensions.swift; sourceTree = "<group>"; };
		B2D1F84420F583C400191387 /* LoadingView.swift */ = {isa = PBXFileReference; lastKnownFileType = sourcecode.swift; path = LoadingView.swift; sourceTree = "<group>"; };
		B2D1F84620F585DE00191387 /* PageLoadingCell.swift */ = {isa = PBXFileReference; lastKnownFileType = sourcecode.swift; path = PageLoadingCell.swift; sourceTree = "<group>"; };
		B2EB3E3D243BC6DF002C8076 /* DLNotification.swift */ = {isa = PBXFileReference; lastKnownFileType = sourcecode.swift; path = DLNotification.swift; sourceTree = "<group>"; };
		B2EB3E3E243BC6DF002C8076 /* DLQueue.swift */ = {isa = PBXFileReference; lastKnownFileType = sourcecode.swift; path = DLQueue.swift; sourceTree = "<group>"; };
		B2EB3E3F243BC6E0002C8076 /* DLCategory.swift */ = {isa = PBXFileReference; lastKnownFileType = sourcecode.swift; path = DLCategory.swift; sourceTree = "<group>"; };
		B2EB3E40243BC6E0002C8076 /* DLLocalNotifications.swift */ = {isa = PBXFileReference; lastKnownFileType = sourcecode.swift; path = DLLocalNotifications.swift; sourceTree = "<group>"; };
		B2EF5F6B243BD036003E8A8F /* Cache.swift */ = {isa = PBXFileReference; lastKnownFileType = sourcecode.swift; name = Cache.swift; path = Liftoff/SwiftLinkPreview/Cache.swift; sourceTree = SOURCE_ROOT; };
		B2EF5F6D243BD092003E8A8F /* NSURLSessionExtension.swift */ = {isa = PBXFileReference; lastKnownFileType = sourcecode.swift; name = NSURLSessionExtension.swift; path = Liftoff/SwiftLinkPreview/NSURLSessionExtension.swift; sourceTree = SOURCE_ROOT; };
		B2EF5F6F243BD0B2003E8A8F /* PreviewError.swift */ = {isa = PBXFileReference; lastKnownFileType = sourcecode.swift; name = PreviewError.swift; path = Liftoff/SwiftLinkPreview/PreviewError.swift; sourceTree = SOURCE_ROOT; };
		B2EF5F71243BD0C8003E8A8F /* Regex.swift */ = {isa = PBXFileReference; lastKnownFileType = sourcecode.swift; name = Regex.swift; path = Liftoff/SwiftLinkPreview/Regex.swift; sourceTree = SOURCE_ROOT; };
		B2EF5F73243BD0E6003E8A8F /* Response.swift */ = {isa = PBXFileReference; lastKnownFileType = sourcecode.swift; name = Response.swift; path = Liftoff/SwiftLinkPreview/Response.swift; sourceTree = SOURCE_ROOT; };
		B2EF5F75243BD0FD003E8A8F /* ResponseExtension.swift */ = {isa = PBXFileReference; lastKnownFileType = sourcecode.swift; name = ResponseExtension.swift; path = Liftoff/SwiftLinkPreview/ResponseExtension.swift; sourceTree = SOURCE_ROOT; };
		B2EF5F77243BD112003E8A8F /* StringExtension.swift */ = {isa = PBXFileReference; lastKnownFileType = sourcecode.swift; name = StringExtension.swift; path = Liftoff/SwiftLinkPreview/StringExtension.swift; sourceTree = SOURCE_ROOT; };
		B2EF5F79243BD122003E8A8F /* SwiftLinkPreview.swift */ = {isa = PBXFileReference; lastKnownFileType = sourcecode.swift; name = SwiftLinkPreview.swift; path = Liftoff/SwiftLinkPreview/SwiftLinkPreview.swift; sourceTree = SOURCE_ROOT; };
		B2EF5FB3243BD41B003E8A8F /* GoogleDataTransport.xcframework */ = {isa = PBXFileReference; lastKnownFileType = wrapper.xcframework; name = GoogleDataTransport.xcframework; path = ../../../../Downloads/Firebase/FirebaseAnalytics/GoogleDataTransport.xcframework; sourceTree = "<group>"; };
		B2EF5FB4243BD41B003E8A8F /* GoogleDataTransportCCTSupport.xcframework */ = {isa = PBXFileReference; lastKnownFileType = wrapper.xcframework; name = GoogleDataTransportCCTSupport.xcframework; path = ../../../../Downloads/Firebase/FirebaseAnalytics/GoogleDataTransportCCTSupport.xcframework; sourceTree = "<group>"; };
		B2EF5FB5243BD41B003E8A8F /* FirebaseCoreDiagnostics.xcframework */ = {isa = PBXFileReference; lastKnownFileType = wrapper.xcframework; name = FirebaseCoreDiagnostics.xcframework; path = ../../../../Downloads/Firebase/FirebaseAnalytics/FirebaseCoreDiagnostics.xcframework; sourceTree = "<group>"; };
		B2EF5FB6243BD41B003E8A8F /* FirebaseCore.xcframework */ = {isa = PBXFileReference; lastKnownFileType = wrapper.xcframework; name = FirebaseCore.xcframework; path = ../../../../Downloads/Firebase/FirebaseAnalytics/FirebaseCore.xcframework; sourceTree = "<group>"; };
		B2EF5FB7243BD41B003E8A8F /* nanopb.xcframework */ = {isa = PBXFileReference; lastKnownFileType = wrapper.xcframework; name = nanopb.xcframework; path = ../../../../Downloads/Firebase/FirebaseAnalytics/nanopb.xcframework; sourceTree = "<group>"; };
		B2EF5FB8243BD41B003E8A8F /* GoogleAppMeasurement.framework */ = {isa = PBXFileReference; lastKnownFileType = wrapper.framework; name = GoogleAppMeasurement.framework; path = ../../../../Downloads/Firebase/FirebaseAnalytics/GoogleAppMeasurement.framework; sourceTree = "<group>"; };
		B2EF5FB9243BD41B003E8A8F /* FirebaseInstallations.xcframework */ = {isa = PBXFileReference; lastKnownFileType = wrapper.xcframework; name = FirebaseInstallations.xcframework; path = ../../../../Downloads/Firebase/FirebaseAnalytics/FirebaseInstallations.xcframework; sourceTree = "<group>"; };
		B2EF5FBA243BD41B003E8A8F /* GoogleUtilities.xcframework */ = {isa = PBXFileReference; lastKnownFileType = wrapper.xcframework; name = GoogleUtilities.xcframework; path = ../../../../Downloads/Firebase/FirebaseAnalytics/GoogleUtilities.xcframework; sourceTree = "<group>"; };
		B2EF5FBB243BD41B003E8A8F /* PromisesObjC.xcframework */ = {isa = PBXFileReference; lastKnownFileType = wrapper.xcframework; name = PromisesObjC.xcframework; path = ../../../../Downloads/Firebase/FirebaseAnalytics/PromisesObjC.xcframework; sourceTree = "<group>"; };
		B2EF5FBC243BD41B003E8A8F /* FIRAnalyticsConnector.framework */ = {isa = PBXFileReference; lastKnownFileType = wrapper.framework; name = FIRAnalyticsConnector.framework; path = ../../../../Downloads/Firebase/FirebaseAnalytics/FIRAnalyticsConnector.framework; sourceTree = "<group>"; };
		B2EF5FBD243BD41B003E8A8F /* FirebaseAnalytics.framework */ = {isa = PBXFileReference; lastKnownFileType = wrapper.framework; name = FirebaseAnalytics.framework; path = ../../../../Downloads/Firebase/FirebaseAnalytics/FirebaseAnalytics.framework; sourceTree = "<group>"; };
		B2EF5FD5243BD47F003E8A8F /* Protobuf.xcframework */ = {isa = PBXFileReference; lastKnownFileType = wrapper.xcframework; name = Protobuf.xcframework; path = ../../../../Downloads/Firebase/FirebaseMessaging/Protobuf.xcframework; sourceTree = "<group>"; };
		B2EF5FD6243BD47F003E8A8F /* FirebaseInstanceID.xcframework */ = {isa = PBXFileReference; lastKnownFileType = wrapper.xcframework; name = FirebaseInstanceID.xcframework; path = ../../../../Downloads/Firebase/FirebaseMessaging/FirebaseInstanceID.xcframework; sourceTree = "<group>"; };
		B2EF5FD7243BD47F003E8A8F /* FirebaseMessaging.xcframework */ = {isa = PBXFileReference; lastKnownFileType = wrapper.xcframework; name = FirebaseMessaging.xcframework; path = ../../../../Downloads/Firebase/FirebaseMessaging/FirebaseMessaging.xcframework; sourceTree = "<group>"; };
		B2EF6009243BD8D6003E8A8F /* GoogleMobileAds.framework */ = {isa = PBXFileReference; lastKnownFileType = wrapper.framework; name = GoogleMobileAds.framework; path = "../../../../Downloads/Firebase/Google-Mobile-Ads-SDK/GoogleMobileAds.framework"; sourceTree = "<group>"; };
		FFE1B82142CDC189F25CA705 /* Pods-Liftoff-LiftoffUITests.release.xcconfig */ = {isa = PBXFileReference; includeInIndex = 1; lastKnownFileType = text.xcconfig; name = "Pods-Liftoff-LiftoffUITests.release.xcconfig"; path = "Target Support Files/Pods-Liftoff-LiftoffUITests/Pods-Liftoff-LiftoffUITests.release.xcconfig"; sourceTree = "<group>"; };
/* End PBXFileReference section */

/* Begin PBXFrameworksBuildPhase section */
		B29D95412079922200D3DFF5 /* Frameworks */ = {
			isa = PBXFrameworksBuildPhase;
			buildActionMask = 2147483647;
			files = (
				25E6BF969C68F78AFB19A41F /* Pods_Liftoff.framework in Frameworks */,
				B25D59D224422E4000A7B385 /* Alamofire in Frameworks */,
			);
			runOnlyForDeploymentPostprocessing = 0;
		};
		B29D95572079922200D3DFF5 /* Frameworks */ = {
			isa = PBXFrameworksBuildPhase;
			buildActionMask = 2147483647;
			files = (
				A9C854E5D4451D60D797BFBB /* Pods_LiftoffTests.framework in Frameworks */,
			);
			runOnlyForDeploymentPostprocessing = 0;
		};
		B29D95622079922200D3DFF5 /* Frameworks */ = {
			isa = PBXFrameworksBuildPhase;
			buildActionMask = 2147483647;
			files = (
				2AEC972FA104DDDBF5135F48 /* Pods_Liftoff_LiftoffUITests.framework in Frameworks */,
			);
			runOnlyForDeploymentPostprocessing = 0;
		};
/* End PBXFrameworksBuildPhase section */

/* Begin PBXGroup section */
		03A01E2403454EAAB5E76ECB /* Pods */ = {
			isa = PBXGroup;
			children = (
				781EA90A18CFC048FF33B100 /* Pods-Liftoff.debug.xcconfig */,
				28895A56DAEF8242CBE9295D /* Pods-Liftoff.release.xcconfig */,
				7C89ED932238CB566267DCEE /* Pods-Liftoff-LiftoffUITests.debug.xcconfig */,
				FFE1B82142CDC189F25CA705 /* Pods-Liftoff-LiftoffUITests.release.xcconfig */,
				2F9D4C3DE570CF75F9CCB507 /* Pods-LiftoffTests.debug.xcconfig */,
				7CCF644945EB60663A0CB153 /* Pods-LiftoffTests.release.xcconfig */,
			);
			path = Pods;
			sourceTree = "<group>";
		};
		B2062F57244128DD007F9A41 /* LLAPI */ = {
			isa = PBXGroup;
			children = (
				B2062F58244128DD007F9A41 /* Pad.swift */,
				B2062F59244128DD007F9A41 /* AgencyLaunch.swift */,
				B2062F5A244128DD007F9A41 /* LSP.swift */,
				B2062F5B244128DD007F9A41 /* Launch.swift */,
				B2062F5C244128DD007F9A41 /* Payload.swift */,
				B2062F5D244128DD007F9A41 /* Agency.swift */,
			);
			path = LLAPI;
			sourceTree = "<group>";
		};
		B2062F62244128DE007F9A41 /* SpaceX */ = {
			isa = PBXGroup;
			children = (
				B2062F63244128DE007F9A41 /* Mission.swift */,
				B2062F64244128DE007F9A41 /* Rocket.swift */,
				B2062F65244128DE007F9A41 /* Launchpad.swift */,
			);
			path = SpaceX;
			sourceTree = "<group>";
		};
		B29D953B2079922200D3DFF5 = {
			isa = PBXGroup;
			children = (
				B29D95462079922200D3DFF5 /* Liftoff */,
				B29D955D2079922200D3DFF5 /* LiftoffTests */,
				B29D95682079922200D3DFF5 /* LiftoffUITests */,
				B29D95452079922200D3DFF5 /* Products */,
				B2EF5F94243BD2C5003E8A8F /* Frameworks */,
				03A01E2403454EAAB5E76ECB /* Pods */,
			);
			sourceTree = "<group>";
		};
		B29D95452079922200D3DFF5 /* Products */ = {
			isa = PBXGroup;
			children = (
				B29D95442079922200D3DFF5 /* Liftoff.app */,
				B29D955A2079922200D3DFF5 /* LiftoffTests.xctest */,
				B29D95652079922200D3DFF5 /* LiftoffUITests.xctest */,
			);
			name = Products;
			sourceTree = "<group>";
		};
		B29D95462079922200D3DFF5 /* Liftoff */ = {
			isa = PBXGroup;
			children = (
				B22191AA20AFD202000EC730 /* Liftoff.entitlements */,
				B2ADE792207AC48000C7C97E /* UIImageExtension.swift */,
				B2D1F83E20F57E0400191387 /* UtilityExtensions.swift */,
				B29D95472079922200D3DFF5 /* AppDelegate.swift */,
				B2EB3E3F243BC6E0002C8076 /* DLCategory.swift */,
				B2EB3E40243BC6E0002C8076 /* DLLocalNotifications.swift */,
				B2EB3E3D243BC6DF002C8076 /* DLNotification.swift */,
				B2EB3E3E243BC6DF002C8076 /* DLQueue.swift */,
				B2062F67244128DE007F9A41 /* API.swift */,
				B2062F60244128DE007F9A41 /* IsoCountries.swift */,
				B2062F68244128DE007F9A41 /* IsoCountryCodes.swift */,
				B2062F57244128DD007F9A41 /* LLAPI */,
				B2062F66244128DE007F9A41 /* MissionTableViewCell.swift */,
				B2062F61244128DE007F9A41 /* RocketSearchBar.swift */,
				B2062F5F244128DD007F9A41 /* RocketSearchController.swift */,
				B2062F5E244128DD007F9A41 /* MissionsDetailViewController.swift */,
				B2062F79244129E2007F9A41 /* Constants.swift */,
				B2062F62244128DE007F9A41 /* SpaceX */,
				B2EF5F6A243BCFFE003E8A8F /* SwiftLinkPreview */,
				B2ADE794207AC4D600C7C97E /* View */,
				B2ADE796207AC51400C7C97E /* Controller */,
				B29D95502079922200D3DFF5 /* Assets.xcassets */,
				B29D95522079922200D3DFF5 /* LaunchScreen.storyboard */,
				B29D95552079922200D3DFF5 /* Info.plist */,
				B2403A4B211A8872004E7113 /* GoogleService-Info.plist */,
			);
			path = Liftoff;
			sourceTree = "<group>";
		};
		B29D955D2079922200D3DFF5 /* LiftoffTests */ = {
			isa = PBXGroup;
			children = (
				B29D955E2079922200D3DFF5 /* LiftoffTests.swift */,
				B29D95602079922200D3DFF5 /* Info.plist */,
			);
			path = LiftoffTests;
			sourceTree = "<group>";
		};
		B29D95682079922200D3DFF5 /* LiftoffUITests */ = {
			isa = PBXGroup;
			children = (
				B29D95692079922200D3DFF5 /* LiftoffUITests.swift */,
				B29D956B2079922200D3DFF5 /* Info.plist */,
			);
			path = LiftoffUITests;
			sourceTree = "<group>";
		};
		B2ADE794207AC4D600C7C97E /* View */ = {
			isa = PBXGroup;
			children = (
				B29D954D2079922200D3DFF5 /* Main.storyboard */,
				B292CF592443D58A00F9F004 /* SceneDelegate.swift */,
				B25D59D524422FA400A7B385 /* UnifiedNativeAdCell.xib */,
				B2ADE7A4207BED7A00C7C97E /* Fonts */,
				B2D1F84420F583C400191387 /* LoadingView.swift */,
				B286A55320832E1F0058DFB3 /* NewsTableViewCell.swift */,
				B263FBB4210010240082A1C5 /* SearchFooter.swift */,
				B2D1F84620F585DE00191387 /* PageLoadingCell.swift */,
				B2923594213887DA0029D9A0 /* AdCell.swift */,
			);
			path = View;
			sourceTree = "<group>";
		};
		B2ADE796207AC51400C7C97E /* Controller */ = {
			isa = PBXGroup;
			children = (
				B2ADE7A0207AC86D00C7C97E /* RocketLaunchesController.swift */,
			);
			path = Controller;
			sourceTree = "<group>";
		};
		B2ADE7A4207BED7A00C7C97E /* Fonts */ = {
			isa = PBXGroup;
			children = (
				B2ADE7A5207BEDB600C7C97E /* Lato-Black.ttf */,
				B2ADE7AB207BEDB700C7C97E /* Lato-BlackItalic.ttf */,
				B2ADE7A6207BEDB600C7C97E /* Lato-Bold.ttf */,
				B2ADE7AE207BEDB700C7C97E /* Lato-BoldItalic.ttf */,
				B2ADE7AD207BEDB700C7C97E /* Lato-Hairline.ttf */,
				B2ADE7AC207BEDB700C7C97E /* Lato-HairlineItalic.ttf */,
				B2ADE7A7207BEDB600C7C97E /* Lato-Italic.ttf */,
				B2ADE7A8207BEDB700C7C97E /* Lato-Light.ttf */,
				B2ADE7A9207BEDB700C7C97E /* Lato-LightItalic.ttf */,
				B2ADE7AA207BEDB700C7C97E /* Lato-Regular.ttf */,
			);
			path = Fonts;
			sourceTree = "<group>";
		};
		B2EF5F6A243BCFFE003E8A8F /* SwiftLinkPreview */ = {
			isa = PBXGroup;
			children = (
				B2EF5F6B243BD036003E8A8F /* Cache.swift */,
				B2EF5F6D243BD092003E8A8F /* NSURLSessionExtension.swift */,
				B2EF5F6F243BD0B2003E8A8F /* PreviewError.swift */,
				B2EF5F71243BD0C8003E8A8F /* Regex.swift */,
				B2EF5F73243BD0E6003E8A8F /* Response.swift */,
				B2EF5F75243BD0FD003E8A8F /* ResponseExtension.swift */,
				B2EF5F77243BD112003E8A8F /* StringExtension.swift */,
				B2EF5F79243BD122003E8A8F /* SwiftLinkPreview.swift */,
			);
			name = SwiftLinkPreview;
			path = ../../../../SwiftLinkPreview;
			sourceTree = "<group>";
		};
		B2EF5F94243BD2C5003E8A8F /* Frameworks */ = {
			isa = PBXGroup;
			children = (
				B2EF6009243BD8D6003E8A8F /* GoogleMobileAds.framework */,
				B2EF5FD6243BD47F003E8A8F /* FirebaseInstanceID.xcframework */,
				B2EF5FD7243BD47F003E8A8F /* FirebaseMessaging.xcframework */,
				B2EF5FD5243BD47F003E8A8F /* Protobuf.xcframework */,
				B2EF5FBC243BD41B003E8A8F /* FIRAnalyticsConnector.framework */,
				B2EF5FBD243BD41B003E8A8F /* FirebaseAnalytics.framework */,
				B2EF5FB6243BD41B003E8A8F /* FirebaseCore.xcframework */,
				B2EF5FB5243BD41B003E8A8F /* FirebaseCoreDiagnostics.xcframework */,
				B2EF5FB9243BD41B003E8A8F /* FirebaseInstallations.xcframework */,
				B2EF5FB8243BD41B003E8A8F /* GoogleAppMeasurement.framework */,
				B2EF5FB3243BD41B003E8A8F /* GoogleDataTransport.xcframework */,
				B2EF5FB4243BD41B003E8A8F /* GoogleDataTransportCCTSupport.xcframework */,
				B2EF5FBA243BD41B003E8A8F /* GoogleUtilities.xcframework */,
				B2EF5FB7243BD41B003E8A8F /* nanopb.xcframework */,
				B2EF5FBB243BD41B003E8A8F /* PromisesObjC.xcframework */,
				08E4F3964C9683D67A2292AB /* Pods_Liftoff.framework */,
				A974C29C02454A911A8BABCF /* Pods_Liftoff_LiftoffUITests.framework */,
				2ABA0469001A89A78A3F5B17 /* Pods_LiftoffTests.framework */,
			);
			name = Frameworks;
			sourceTree = "<group>";
		};
/* End PBXGroup section */

/* Begin PBXNativeTarget section */
		B29D95432079922200D3DFF5 /* Liftoff */ = {
			isa = PBXNativeTarget;
			buildConfigurationList = B29D956E2079922200D3DFF5 /* Build configuration list for PBXNativeTarget "Liftoff" */;
			buildPhases = (
				F0A4FC74B4D095D6ED518B5E /* [CP] Check Pods Manifest.lock */,
				B29D95402079922200D3DFF5 /* Sources */,
				B29D95412079922200D3DFF5 /* Frameworks */,
				B29D95422079922200D3DFF5 /* Resources */,
				25860422329522BAFD532AF5 /* [CP] Embed Pods Frameworks */,
			);
			buildRules = (
			);
			dependencies = (
			);
			name = Liftoff;
			packageProductDependencies = (
				B25D59D124422E4000A7B385 /* Alamofire */,
			);
			productName = Liftoff;
			productReference = B29D95442079922200D3DFF5 /* Liftoff.app */;
			productType = "com.apple.product-type.application";
		};
		B29D95592079922200D3DFF5 /* LiftoffTests */ = {
			isa = PBXNativeTarget;
			buildConfigurationList = B29D95712079922200D3DFF5 /* Build configuration list for PBXNativeTarget "LiftoffTests" */;
			buildPhases = (
				34BFC14EF295E6E9AD3C7812 /* [CP] Check Pods Manifest.lock */,
				B29D95562079922200D3DFF5 /* Sources */,
				B29D95572079922200D3DFF5 /* Frameworks */,
				B29D95582079922200D3DFF5 /* Resources */,
			);
			buildRules = (
			);
			dependencies = (
				B29D955C2079922200D3DFF5 /* PBXTargetDependency */,
			);
			name = LiftoffTests;
			productName = LiftoffTests;
			productReference = B29D955A2079922200D3DFF5 /* LiftoffTests.xctest */;
			productType = "com.apple.product-type.bundle.unit-test";
		};
		B29D95642079922200D3DFF5 /* LiftoffUITests */ = {
			isa = PBXNativeTarget;
			buildConfigurationList = B29D95742079922200D3DFF5 /* Build configuration list for PBXNativeTarget "LiftoffUITests" */;
			buildPhases = (
				3E999619683A3C8D21E25823 /* [CP] Check Pods Manifest.lock */,
				B29D95612079922200D3DFF5 /* Sources */,
				B29D95622079922200D3DFF5 /* Frameworks */,
				B29D95632079922200D3DFF5 /* Resources */,
				B689731C8D69818684761610 /* [CP] Embed Pods Frameworks */,
			);
			buildRules = (
			);
			dependencies = (
				B29D95672079922200D3DFF5 /* PBXTargetDependency */,
			);
			name = LiftoffUITests;
			productName = LiftoffUITests;
			productReference = B29D95652079922200D3DFF5 /* LiftoffUITests.xctest */;
			productType = "com.apple.product-type.bundle.ui-testing";
		};
/* End PBXNativeTarget section */

/* Begin PBXProject section */
		B29D953C2079922200D3DFF5 /* Project object */ = {
			isa = PBXProject;
			attributes = {
				LastSwiftUpdateCheck = 0920;
				LastUpgradeCheck = 1140;
				ORGANIZATIONNAME = "MonitorMOJO, Inc.";
				TargetAttributes = {
					B29D95432079922200D3DFF5 = {
						CreatedOnToolsVersion = 9.2;
						LastSwiftMigration = 1140;
						ProvisioningStyle = Manual;
						SystemCapabilities = {
							com.apple.BackgroundModes = {
								enabled = 1;
							};
							com.apple.Push = {
								enabled = 1;
							};
						};
					};
					B29D95592079922200D3DFF5 = {
						CreatedOnToolsVersion = 9.2;
						LastSwiftMigration = 1140;
						ProvisioningStyle = Automatic;
						TestTargetID = B29D95432079922200D3DFF5;
					};
					B29D95642079922200D3DFF5 = {
						CreatedOnToolsVersion = 9.2;
						LastSwiftMigration = 1140;
						ProvisioningStyle = Automatic;
						TestTargetID = B29D95432079922200D3DFF5;
					};
				};
			};
			buildConfigurationList = B29D953F2079922200D3DFF5 /* Build configuration list for PBXProject "Liftoff" */;
			compatibilityVersion = "Xcode 8.0";
			developmentRegion = en;
			hasScannedForEncodings = 0;
			knownRegions = (
				en,
				Base,
			);
			mainGroup = B29D953B2079922200D3DFF5;
			packageReferences = (
				B25D59D024422E4000A7B385 /* XCRemoteSwiftPackageReference "Alamofire" */,
			);
			productRefGroup = B29D95452079922200D3DFF5 /* Products */;
			projectDirPath = "";
			projectRoot = "";
			targets = (
				B29D95432079922200D3DFF5 /* Liftoff */,
				B29D95592079922200D3DFF5 /* LiftoffTests */,
				B29D95642079922200D3DFF5 /* LiftoffUITests */,
			);
		};
/* End PBXProject section */

/* Begin PBXResourcesBuildPhase section */
		B29D95422079922200D3DFF5 /* Resources */ = {
			isa = PBXResourcesBuildPhase;
			buildActionMask = 2147483647;
			files = (
				B2ADE7AF207BEDB700C7C97E /* Lato-Black.ttf in Resources */,
				B2ADE7B0207BEDB700C7C97E /* Lato-Bold.ttf in Resources */,
				B2ADE7B7207BEDB700C7C97E /* Lato-Hairline.ttf in Resources */,
				B25D59D624422FA400A7B385 /* UnifiedNativeAdCell.xib in Resources */,
				B2ADE7B5207BEDB700C7C97E /* Lato-BlackItalic.ttf in Resources */,
				B29D95542079922200D3DFF5 /* LaunchScreen.storyboard in Resources */,
				B2ADE7B3207BEDB700C7C97E /* Lato-LightItalic.ttf in Resources */,
				B2ADE7B4207BEDB700C7C97E /* Lato-Regular.ttf in Resources */,
				B2ADE7B6207BEDB700C7C97E /* Lato-HairlineItalic.ttf in Resources */,
				B29D95512079922200D3DFF5 /* Assets.xcassets in Resources */,
				B2ADE7B1207BEDB700C7C97E /* Lato-Italic.ttf in Resources */,
				B29D954F2079922200D3DFF5 /* Main.storyboard in Resources */,
				B2ADE7B2207BEDB700C7C97E /* Lato-Light.ttf in Resources */,
				B2ADE7B8207BEDB700C7C97E /* Lato-BoldItalic.ttf in Resources */,
				B2403A4C211A8872004E7113 /* GoogleService-Info.plist in Resources */,
			);
			runOnlyForDeploymentPostprocessing = 0;
		};
		B29D95582079922200D3DFF5 /* Resources */ = {
			isa = PBXResourcesBuildPhase;
			buildActionMask = 2147483647;
			files = (
			);
			runOnlyForDeploymentPostprocessing = 0;
		};
		B29D95632079922200D3DFF5 /* Resources */ = {
			isa = PBXResourcesBuildPhase;
			buildActionMask = 2147483647;
			files = (
			);
			runOnlyForDeploymentPostprocessing = 0;
		};
/* End PBXResourcesBuildPhase section */

/* Begin PBXShellScriptBuildPhase section */
		25860422329522BAFD532AF5 /* [CP] Embed Pods Frameworks */ = {
			isa = PBXShellScriptBuildPhase;
			buildActionMask = 2147483647;
			files = (
			);
			inputFileListPaths = (
				"${PODS_ROOT}/Target Support Files/Pods-Liftoff/Pods-Liftoff-frameworks-${CONFIGURATION}-input-files.xcfilelist",
			);
			name = "[CP] Embed Pods Frameworks";
			outputFileListPaths = (
				"${PODS_ROOT}/Target Support Files/Pods-Liftoff/Pods-Liftoff-frameworks-${CONFIGURATION}-output-files.xcfilelist",
			);
			runOnlyForDeploymentPostprocessing = 0;
			shellPath = /bin/sh;
			shellScript = "\"${PODS_ROOT}/Target Support Files/Pods-Liftoff/Pods-Liftoff-frameworks.sh\"\n";
			showEnvVarsInLog = 0;
		};
		34BFC14EF295E6E9AD3C7812 /* [CP] Check Pods Manifest.lock */ = {
			isa = PBXShellScriptBuildPhase;
			buildActionMask = 2147483647;
			files = (
			);
			inputFileListPaths = (
			);
			inputPaths = (
				"${PODS_PODFILE_DIR_PATH}/Podfile.lock",
				"${PODS_ROOT}/Manifest.lock",
			);
			name = "[CP] Check Pods Manifest.lock";
			outputFileListPaths = (
			);
			outputPaths = (
				"$(DERIVED_FILE_DIR)/Pods-LiftoffTests-checkManifestLockResult.txt",
			);
			runOnlyForDeploymentPostprocessing = 0;
			shellPath = /bin/sh;
			shellScript = "diff \"${PODS_PODFILE_DIR_PATH}/Podfile.lock\" \"${PODS_ROOT}/Manifest.lock\" > /dev/null\nif [ $? != 0 ] ; then\n    # print error to STDERR\n    echo \"error: The sandbox is not in sync with the Podfile.lock. Run 'pod install' or update your CocoaPods installation.\" >&2\n    exit 1\nfi\n# This output is used by Xcode 'outputs' to avoid re-running this script phase.\necho \"SUCCESS\" > \"${SCRIPT_OUTPUT_FILE_0}\"\n";
			showEnvVarsInLog = 0;
		};
		3E999619683A3C8D21E25823 /* [CP] Check Pods Manifest.lock */ = {
			isa = PBXShellScriptBuildPhase;
			buildActionMask = 2147483647;
			files = (
			);
			inputFileListPaths = (
			);
			inputPaths = (
				"${PODS_PODFILE_DIR_PATH}/Podfile.lock",
				"${PODS_ROOT}/Manifest.lock",
			);
			name = "[CP] Check Pods Manifest.lock";
			outputFileListPaths = (
			);
			outputPaths = (
				"$(DERIVED_FILE_DIR)/Pods-Liftoff-LiftoffUITests-checkManifestLockResult.txt",
			);
			runOnlyForDeploymentPostprocessing = 0;
			shellPath = /bin/sh;
			shellScript = "diff \"${PODS_PODFILE_DIR_PATH}/Podfile.lock\" \"${PODS_ROOT}/Manifest.lock\" > /dev/null\nif [ $? != 0 ] ; then\n    # print error to STDERR\n    echo \"error: The sandbox is not in sync with the Podfile.lock. Run 'pod install' or update your CocoaPods installation.\" >&2\n    exit 1\nfi\n# This output is used by Xcode 'outputs' to avoid re-running this script phase.\necho \"SUCCESS\" > \"${SCRIPT_OUTPUT_FILE_0}\"\n";
			showEnvVarsInLog = 0;
		};
		B689731C8D69818684761610 /* [CP] Embed Pods Frameworks */ = {
			isa = PBXShellScriptBuildPhase;
			buildActionMask = 2147483647;
			files = (
			);
			inputFileListPaths = (
				"${PODS_ROOT}/Target Support Files/Pods-Liftoff-LiftoffUITests/Pods-Liftoff-LiftoffUITests-frameworks-${CONFIGURATION}-input-files.xcfilelist",
			);
			name = "[CP] Embed Pods Frameworks";
			outputFileListPaths = (
				"${PODS_ROOT}/Target Support Files/Pods-Liftoff-LiftoffUITests/Pods-Liftoff-LiftoffUITests-frameworks-${CONFIGURATION}-output-files.xcfilelist",
			);
			runOnlyForDeploymentPostprocessing = 0;
			shellPath = /bin/sh;
			shellScript = "\"${PODS_ROOT}/Target Support Files/Pods-Liftoff-LiftoffUITests/Pods-Liftoff-LiftoffUITests-frameworks.sh\"\n";
			showEnvVarsInLog = 0;
		};
		F0A4FC74B4D095D6ED518B5E /* [CP] Check Pods Manifest.lock */ = {
			isa = PBXShellScriptBuildPhase;
			buildActionMask = 2147483647;
			files = (
			);
			inputFileListPaths = (
			);
			inputPaths = (
				"${PODS_PODFILE_DIR_PATH}/Podfile.lock",
				"${PODS_ROOT}/Manifest.lock",
			);
			name = "[CP] Check Pods Manifest.lock";
			outputFileListPaths = (
			);
			outputPaths = (
				"$(DERIVED_FILE_DIR)/Pods-Liftoff-checkManifestLockResult.txt",
			);
			runOnlyForDeploymentPostprocessing = 0;
			shellPath = /bin/sh;
			shellScript = "diff \"${PODS_PODFILE_DIR_PATH}/Podfile.lock\" \"${PODS_ROOT}/Manifest.lock\" > /dev/null\nif [ $? != 0 ] ; then\n    # print error to STDERR\n    echo \"error: The sandbox is not in sync with the Podfile.lock. Run 'pod install' or update your CocoaPods installation.\" >&2\n    exit 1\nfi\n# This output is used by Xcode 'outputs' to avoid re-running this script phase.\necho \"SUCCESS\" > \"${SCRIPT_OUTPUT_FILE_0}\"\n";
			showEnvVarsInLog = 0;
		};
/* End PBXShellScriptBuildPhase section */

/* Begin PBXSourcesBuildPhase section */
		B29D95402079922200D3DFF5 /* Sources */ = {
			isa = PBXSourcesBuildPhase;
			buildActionMask = 2147483647;
			files = (
				B2EF5F70243BD0B2003E8A8F /* PreviewError.swift in Sources */,
				B2EB3E44243BC6E0002C8076 /* DLNotification.swift in Sources */,
				B2EF5F74243BD0E6003E8A8F /* Response.swift in Sources */,
				B2EF5F78243BD112003E8A8F /* StringExtension.swift in Sources */,
				B2062F69244128DF007F9A41 /* IsoCountryCodes.swift in Sources */,
				B2062F70244128E9007F9A41 /* Pad.swift in Sources */,
				B2062F71244128EB007F9A41 /* AgencyLaunch.swift in Sources */,
				B2062F74244128F2007F9A41 /* Payload.swift in Sources */,
				B292CF5A2443D58A00F9F004 /* SceneDelegate.swift in Sources */,
				B28EFD6224412CB30025BB96 /* RocketLaunchesController.swift in Sources */,
				B2D1F84520F583C400191387 /* LoadingView.swift in Sources */,
				B2062F76244128FB007F9A41 /* Mission.swift in Sources */,
				B2062F6E244128DF007F9A41 /* RocketSearchBar.swift in Sources */,
				B2EF5F6E243BD092003E8A8F /* NSURLSessionExtension.swift in Sources */,
				B2062F6A244128DF007F9A41 /* MissionTableViewCell.swift in Sources */,
				B286A55420832E1F0058DFB3 /* NewsTableViewCell.swift in Sources */,
				B2EF5F7A243BD122003E8A8F /* SwiftLinkPreview.swift in Sources */,
				B2062F75244128F4007F9A41 /* Agency.swift in Sources */,
				B2062F6C244128DF007F9A41 /* IsoCountries.swift in Sources */,
				B2EF5F6C243BD036003E8A8F /* Cache.swift in Sources */,
				B2D1F84720F585DE00191387 /* PageLoadingCell.swift in Sources */,
				B2062F73244128F0007F9A41 /* Launch.swift in Sources */,
				B29D95482079922200D3DFF5 /* AppDelegate.swift in Sources */,
				B2923595213887DA0029D9A0 /* AdCell.swift in Sources */,
				B2EF5F72243BD0C8003E8A8F /* Regex.swift in Sources */,
				B2EB3E43243BC6E0002C8076 /* DLCategory.swift in Sources */,
				B2062F6F244128DF007F9A41 /* RocketSearchController.swift in Sources */,
				B2EB3E41243BC6E0002C8076 /* DLLocalNotifications.swift in Sources */,
				B2062F6B244128DF007F9A41 /* MissionsDetailViewController.swift in Sources */,
				B2062F72244128EE007F9A41 /* LSP.swift in Sources */,
				B263FBB5210010240082A1C5 /* SearchFooter.swift in Sources */,
				B2062F78244128FF007F9A41 /* Launchpad.swift in Sources */,
				B2062F7A244129E2007F9A41 /* Constants.swift in Sources */,
				B2EF5F76243BD0FD003E8A8F /* ResponseExtension.swift in Sources */,
				B2ADE793207AC48000C7C97E /* UIImageExtension.swift in Sources */,
				B2EB3E42243BC6E0002C8076 /* DLQueue.swift in Sources */,
				B2062F6D244128DF007F9A41 /* API.swift in Sources */,
				B2D1F83F20F57E0400191387 /* UtilityExtensions.swift in Sources */,
				B2062F77244128FD007F9A41 /* Rocket.swift in Sources */,
			);
			runOnlyForDeploymentPostprocessing = 0;
		};
		B29D95562079922200D3DFF5 /* Sources */ = {
			isa = PBXSourcesBuildPhase;
			buildActionMask = 2147483647;
			files = (
				B29D955F2079922200D3DFF5 /* LiftoffTests.swift in Sources */,
			);
			runOnlyForDeploymentPostprocessing = 0;
		};
		B29D95612079922200D3DFF5 /* Sources */ = {
			isa = PBXSourcesBuildPhase;
			buildActionMask = 2147483647;
			files = (
				B29D956A2079922200D3DFF5 /* LiftoffUITests.swift in Sources */,
			);
			runOnlyForDeploymentPostprocessing = 0;
		};
/* End PBXSourcesBuildPhase section */

/* Begin PBXTargetDependency section */
		B29D955C2079922200D3DFF5 /* PBXTargetDependency */ = {
			isa = PBXTargetDependency;
			target = B29D95432079922200D3DFF5 /* Liftoff */;
			targetProxy = B29D955B2079922200D3DFF5 /* PBXContainerItemProxy */;
		};
		B29D95672079922200D3DFF5 /* PBXTargetDependency */ = {
			isa = PBXTargetDependency;
			target = B29D95432079922200D3DFF5 /* Liftoff */;
			targetProxy = B29D95662079922200D3DFF5 /* PBXContainerItemProxy */;
		};
/* End PBXTargetDependency section */

/* Begin PBXVariantGroup section */
		B29D954D2079922200D3DFF5 /* Main.storyboard */ = {
			isa = PBXVariantGroup;
			children = (
				B29D954E2079922200D3DFF5 /* Base */,
			);
			name = Main.storyboard;
			sourceTree = "<group>";
		};
		B29D95522079922200D3DFF5 /* LaunchScreen.storyboard */ = {
			isa = PBXVariantGroup;
			children = (
				B29D95532079922200D3DFF5 /* Base */,
			);
			name = LaunchScreen.storyboard;
			sourceTree = "<group>";
		};
/* End PBXVariantGroup section */

/* Begin XCBuildConfiguration section */
		B29D956C2079922200D3DFF5 /* Debug */ = {
			isa = XCBuildConfiguration;
			buildSettings = {
				ALWAYS_SEARCH_USER_PATHS = NO;
				CLANG_ANALYZER_NONNULL = YES;
				CLANG_ANALYZER_NUMBER_OBJECT_CONVERSION = YES_AGGRESSIVE;
				CLANG_CXX_LANGUAGE_STANDARD = "gnu++14";
				CLANG_CXX_LIBRARY = "libc++";
				CLANG_ENABLE_MODULES = YES;
				CLANG_ENABLE_OBJC_ARC = YES;
				CLANG_WARN_BLOCK_CAPTURE_AUTORELEASING = YES;
				CLANG_WARN_BOOL_CONVERSION = YES;
				CLANG_WARN_COMMA = YES;
				CLANG_WARN_CONSTANT_CONVERSION = YES;
				CLANG_WARN_DEPRECATED_OBJC_IMPLEMENTATIONS = YES;
				CLANG_WARN_DIRECT_OBJC_ISA_USAGE = YES_ERROR;
				CLANG_WARN_DOCUMENTATION_COMMENTS = YES;
				CLANG_WARN_EMPTY_BODY = YES;
				CLANG_WARN_ENUM_CONVERSION = YES;
				CLANG_WARN_INFINITE_RECURSION = YES;
				CLANG_WARN_INT_CONVERSION = YES;
				CLANG_WARN_NON_LITERAL_NULL_CONVERSION = YES;
				CLANG_WARN_OBJC_IMPLICIT_RETAIN_SELF = YES;
				CLANG_WARN_OBJC_LITERAL_CONVERSION = YES;
				CLANG_WARN_OBJC_ROOT_CLASS = YES_ERROR;
				CLANG_WARN_RANGE_LOOP_ANALYSIS = YES;
				CLANG_WARN_STRICT_PROTOTYPES = YES;
				CLANG_WARN_SUSPICIOUS_MOVE = YES;
				CLANG_WARN_UNGUARDED_AVAILABILITY = YES_AGGRESSIVE;
				CLANG_WARN_UNREACHABLE_CODE = YES;
				CLANG_WARN__DUPLICATE_METHOD_MATCH = YES;
				CODE_SIGN_IDENTITY = "iPhone Developer";
				COPY_PHASE_STRIP = NO;
				DEBUG_INFORMATION_FORMAT = dwarf;
				ENABLE_STRICT_OBJC_MSGSEND = YES;
				ENABLE_TESTABILITY = YES;
				GCC_C_LANGUAGE_STANDARD = gnu11;
				GCC_DYNAMIC_NO_PIC = NO;
				GCC_NO_COMMON_BLOCKS = YES;
				GCC_OPTIMIZATION_LEVEL = 0;
				GCC_PREPROCESSOR_DEFINITIONS = (
					"DEBUG=1",
					"$(inherited)",
				);
				GCC_WARN_64_TO_32_BIT_CONVERSION = YES;
				GCC_WARN_ABOUT_RETURN_TYPE = YES_ERROR;
				GCC_WARN_UNDECLARED_SELECTOR = YES;
				GCC_WARN_UNINITIALIZED_AUTOS = YES_AGGRESSIVE;
				GCC_WARN_UNUSED_FUNCTION = YES;
				GCC_WARN_UNUSED_VARIABLE = YES;
				IPHONEOS_DEPLOYMENT_TARGET = 13.0;
				MTL_ENABLE_DEBUG_INFO = YES;
				ONLY_ACTIVE_ARCH = YES;
				SDKROOT = iphoneos;
				SWIFT_ACTIVE_COMPILATION_CONDITIONS = DEBUG;
				SWIFT_OPTIMIZATION_LEVEL = "-Onone";
			};
			name = Debug;
		};
		B29D956D2079922200D3DFF5 /* Release */ = {
			isa = XCBuildConfiguration;
			buildSettings = {
				ALWAYS_SEARCH_USER_PATHS = NO;
				CLANG_ANALYZER_NONNULL = YES;
				CLANG_ANALYZER_NUMBER_OBJECT_CONVERSION = YES_AGGRESSIVE;
				CLANG_CXX_LANGUAGE_STANDARD = "gnu++14";
				CLANG_CXX_LIBRARY = "libc++";
				CLANG_ENABLE_MODULES = YES;
				CLANG_ENABLE_OBJC_ARC = YES;
				CLANG_WARN_BLOCK_CAPTURE_AUTORELEASING = YES;
				CLANG_WARN_BOOL_CONVERSION = YES;
				CLANG_WARN_COMMA = YES;
				CLANG_WARN_CONSTANT_CONVERSION = YES;
				CLANG_WARN_DEPRECATED_OBJC_IMPLEMENTATIONS = YES;
				CLANG_WARN_DIRECT_OBJC_ISA_USAGE = YES_ERROR;
				CLANG_WARN_DOCUMENTATION_COMMENTS = YES;
				CLANG_WARN_EMPTY_BODY = YES;
				CLANG_WARN_ENUM_CONVERSION = YES;
				CLANG_WARN_INFINITE_RECURSION = YES;
				CLANG_WARN_INT_CONVERSION = YES;
				CLANG_WARN_NON_LITERAL_NULL_CONVERSION = YES;
				CLANG_WARN_OBJC_IMPLICIT_RETAIN_SELF = YES;
				CLANG_WARN_OBJC_LITERAL_CONVERSION = YES;
				CLANG_WARN_OBJC_ROOT_CLASS = YES_ERROR;
				CLANG_WARN_RANGE_LOOP_ANALYSIS = YES;
				CLANG_WARN_STRICT_PROTOTYPES = YES;
				CLANG_WARN_SUSPICIOUS_MOVE = YES;
				CLANG_WARN_UNGUARDED_AVAILABILITY = YES_AGGRESSIVE;
				CLANG_WARN_UNREACHABLE_CODE = YES;
				CLANG_WARN__DUPLICATE_METHOD_MATCH = YES;
				CODE_SIGN_IDENTITY = "iPhone Developer";
				COPY_PHASE_STRIP = NO;
				DEBUG_INFORMATION_FORMAT = "dwarf-with-dsym";
				ENABLE_NS_ASSERTIONS = NO;
				ENABLE_STRICT_OBJC_MSGSEND = YES;
				GCC_C_LANGUAGE_STANDARD = gnu11;
				GCC_NO_COMMON_BLOCKS = YES;
				GCC_WARN_64_TO_32_BIT_CONVERSION = YES;
				GCC_WARN_ABOUT_RETURN_TYPE = YES_ERROR;
				GCC_WARN_UNDECLARED_SELECTOR = YES;
				GCC_WARN_UNINITIALIZED_AUTOS = YES_AGGRESSIVE;
				GCC_WARN_UNUSED_FUNCTION = YES;
				GCC_WARN_UNUSED_VARIABLE = YES;
				IPHONEOS_DEPLOYMENT_TARGET = 13.0;
				MTL_ENABLE_DEBUG_INFO = NO;
				SDKROOT = iphoneos;
				SWIFT_COMPILATION_MODE = wholemodule;
				SWIFT_OPTIMIZATION_LEVEL = "-O";
				VALIDATE_PRODUCT = YES;
			};
			name = Release;
		};
		B29D956F2079922200D3DFF5 /* Debug */ = {
			isa = XCBuildConfiguration;
			baseConfigurationReference = 781EA90A18CFC048FF33B100 /* Pods-Liftoff.debug.xcconfig */;
			buildSettings = {
				ASSETCATALOG_COMPILER_APPICON_NAME = AppIcon;
				CLANG_ENABLE_MODULES = YES;
				CODE_SIGN_ENTITLEMENTS = Liftoff/Liftoff.entitlements;
				CODE_SIGN_IDENTITY = "iPhone Distribution";
				CODE_SIGN_STYLE = Manual;
				CURRENT_PROJECT_VERSION = 8;
				DEVELOPMENT_TEAM = 74XMZHHU2L;
				FRAMEWORK_SEARCH_PATHS = (
					"$(inherited)",
					"$(PROJECT_DIR)/Liftoff/Firebase",
				);
				INFOPLIST_FILE = Liftoff/Info.plist;
				IPHONEOS_DEPLOYMENT_TARGET = 13.0;
				LD_RUNPATH_SEARCH_PATHS = (
					"$(inherited)",
					"@executable_path/Frameworks",
				);
				MARKETING_VERSION = 1.3.2;
				PRODUCT_BUNDLE_IDENTIFIER = com.photosurplus.Liftoff;
				PRODUCT_NAME = "$(TARGET_NAME)";
				PROVISIONING_PROFILE_SPECIFIER = LiftoffApp;
				SWIFT_OPTIMIZATION_LEVEL = "-Onone";
				SWIFT_VERSION = 5.0;
				TARGETED_DEVICE_FAMILY = "1,2";
			};
			name = Debug;
		};
		B29D95702079922200D3DFF5 /* Release */ = {
			isa = XCBuildConfiguration;
			baseConfigurationReference = 28895A56DAEF8242CBE9295D /* Pods-Liftoff.release.xcconfig */;
			buildSettings = {
				ASSETCATALOG_COMPILER_APPICON_NAME = AppIcon;
				CLANG_ENABLE_MODULES = YES;
				CODE_SIGN_ENTITLEMENTS = Liftoff/Liftoff.entitlements;
				CODE_SIGN_IDENTITY = "iPhone Distribution";
				CODE_SIGN_STYLE = Manual;
				CURRENT_PROJECT_VERSION = 8;
				DEVELOPMENT_TEAM = 74XMZHHU2L;
				FRAMEWORK_SEARCH_PATHS = (
					"$(inherited)",
					"$(PROJECT_DIR)/Liftoff/Firebase",
				);
				INFOPLIST_FILE = Liftoff/Info.plist;
				IPHONEOS_DEPLOYMENT_TARGET = 13.0;
				LD_RUNPATH_SEARCH_PATHS = (
					"$(inherited)",
					"@executable_path/Frameworks",
				);
				MARKETING_VERSION = 1.3.2;
				PRODUCT_BUNDLE_IDENTIFIER = com.photosurplus.Liftoff;
				PRODUCT_NAME = "$(TARGET_NAME)";
				PROVISIONING_PROFILE_SPECIFIER = LiftoffApp;
				SWIFT_VERSION = 5.0;
				TARGETED_DEVICE_FAMILY = "1,2";
			};
			name = Release;
		};
		B29D95722079922200D3DFF5 /* Debug */ = {
			isa = XCBuildConfiguration;
			baseConfigurationReference = 2F9D4C3DE570CF75F9CCB507 /* Pods-LiftoffTests.debug.xcconfig */;
			buildSettings = {
				ALWAYS_EMBED_SWIFT_STANDARD_LIBRARIES = YES;
				BUNDLE_LOADER = "$(TEST_HOST)";
				CODE_SIGN_STYLE = Automatic;
				DEVELOPMENT_TEAM = 74XMZHHU2L;
				INFOPLIST_FILE = LiftoffTests/Info.plist;
				LD_RUNPATH_SEARCH_PATHS = (
					"$(inherited)",
					"@executable_path/Frameworks",
					"@loader_path/Frameworks",
				);
				PRODUCT_BUNDLE_IDENTIFIER = com.photosurplus.LiftoffTests;
				PRODUCT_NAME = "$(TARGET_NAME)";
				SWIFT_VERSION = 5.0;
				TARGETED_DEVICE_FAMILY = "1,2";
				TEST_HOST = "$(BUILT_PRODUCTS_DIR)/Liftoff.app/Liftoff";
			};
			name = Debug;
		};
		B29D95732079922200D3DFF5 /* Release */ = {
			isa = XCBuildConfiguration;
			baseConfigurationReference = 7CCF644945EB60663A0CB153 /* Pods-LiftoffTests.release.xcconfig */;
			buildSettings = {
				ALWAYS_EMBED_SWIFT_STANDARD_LIBRARIES = YES;
				BUNDLE_LOADER = "$(TEST_HOST)";
				CODE_SIGN_STYLE = Automatic;
				DEVELOPMENT_TEAM = 74XMZHHU2L;
				INFOPLIST_FILE = LiftoffTests/Info.plist;
				LD_RUNPATH_SEARCH_PATHS = (
					"$(inherited)",
					"@executable_path/Frameworks",
					"@loader_path/Frameworks",
				);
				PRODUCT_BUNDLE_IDENTIFIER = com.photosurplus.LiftoffTests;
				PRODUCT_NAME = "$(TARGET_NAME)";
				SWIFT_VERSION = 5.0;
				TARGETED_DEVICE_FAMILY = "1,2";
				TEST_HOST = "$(BUILT_PRODUCTS_DIR)/Liftoff.app/Liftoff";
			};
			name = Release;
		};
		B29D95752079922200D3DFF5 /* Debug */ = {
			isa = XCBuildConfiguration;
			baseConfigurationReference = 7C89ED932238CB566267DCEE /* Pods-Liftoff-LiftoffUITests.debug.xcconfig */;
			buildSettings = {
				ALWAYS_EMBED_SWIFT_STANDARD_LIBRARIES = YES;
				CODE_SIGN_STYLE = Automatic;
				DEVELOPMENT_TEAM = 74XMZHHU2L;
				INFOPLIST_FILE = LiftoffUITests/Info.plist;
				LD_RUNPATH_SEARCH_PATHS = (
					"$(inherited)",
					"@executable_path/Frameworks",
					"@loader_path/Frameworks",
				);
				PRODUCT_BUNDLE_IDENTIFIER = com.photosurplus.LiftoffUITests;
				PRODUCT_NAME = "$(TARGET_NAME)";
				SWIFT_VERSION = 5.0;
				TARGETED_DEVICE_FAMILY = "1,2";
				TEST_TARGET_NAME = Liftoff;
			};
			name = Debug;
		};
		B29D95762079922200D3DFF5 /* Release */ = {
			isa = XCBuildConfiguration;
			baseConfigurationReference = FFE1B82142CDC189F25CA705 /* Pods-Liftoff-LiftoffUITests.release.xcconfig */;
			buildSettings = {
				ALWAYS_EMBED_SWIFT_STANDARD_LIBRARIES = YES;
				CODE_SIGN_STYLE = Automatic;
				DEVELOPMENT_TEAM = 74XMZHHU2L;
				INFOPLIST_FILE = LiftoffUITests/Info.plist;
				LD_RUNPATH_SEARCH_PATHS = (
					"$(inherited)",
					"@executable_path/Frameworks",
					"@loader_path/Frameworks",
				);
				PRODUCT_BUNDLE_IDENTIFIER = com.photosurplus.LiftoffUITests;
				PRODUCT_NAME = "$(TARGET_NAME)";
				SWIFT_VERSION = 5.0;
				TARGETED_DEVICE_FAMILY = "1,2";
				TEST_TARGET_NAME = Liftoff;
			};
			name = Release;
		};
/* End XCBuildConfiguration section */

/* Begin XCConfigurationList section */
		B29D953F2079922200D3DFF5 /* Build configuration list for PBXProject "Liftoff" */ = {
			isa = XCConfigurationList;
			buildConfigurations = (
				B29D956C2079922200D3DFF5 /* Debug */,
				B29D956D2079922200D3DFF5 /* Release */,
			);
			defaultConfigurationIsVisible = 0;
			defaultConfigurationName = Release;
		};
		B29D956E2079922200D3DFF5 /* Build configuration list for PBXNativeTarget "Liftoff" */ = {
			isa = XCConfigurationList;
			buildConfigurations = (
				B29D956F2079922200D3DFF5 /* Debug */,
				B29D95702079922200D3DFF5 /* Release */,
			);
			defaultConfigurationIsVisible = 0;
			defaultConfigurationName = Release;
		};
		B29D95712079922200D3DFF5 /* Build configuration list for PBXNativeTarget "LiftoffTests" */ = {
			isa = XCConfigurationList;
			buildConfigurations = (
				B29D95722079922200D3DFF5 /* Debug */,
				B29D95732079922200D3DFF5 /* Release */,
			);
			defaultConfigurationIsVisible = 0;
			defaultConfigurationName = Release;
		};
		B29D95742079922200D3DFF5 /* Build configuration list for PBXNativeTarget "LiftoffUITests" */ = {
			isa = XCConfigurationList;
			buildConfigurations = (
				B29D95752079922200D3DFF5 /* Debug */,
				B29D95762079922200D3DFF5 /* Release */,
			);
			defaultConfigurationIsVisible = 0;
			defaultConfigurationName = Release;
		};
/* End XCConfigurationList section */

/* Begin XCRemoteSwiftPackageReference section */
		B25D59D024422E4000A7B385 /* XCRemoteSwiftPackageReference "Alamofire" */ = {
			isa = XCRemoteSwiftPackageReference;
			repositoryURL = "https://github.com/Alamofire/Alamofire.git";
			requirement = {
				kind = upToNextMajorVersion;
				minimumVersion = 5.1.0;
			};
		};
/* End XCRemoteSwiftPackageReference section */

/* Begin XCSwiftPackageProductDependency section */
		B25D59D124422E4000A7B385 /* Alamofire */ = {
			isa = XCSwiftPackageProductDependency;
			package = B25D59D024422E4000A7B385 /* XCRemoteSwiftPackageReference "Alamofire" */;
			productName = Alamofire;
		};
/* End XCSwiftPackageProductDependency section */
	};
	rootObject = B29D953C2079922200D3DFF5 /* Project object */;
}
